{
  "name": "lambda-layer-sample",
  "version": "1.0.0",
  "lockfileVersion": 3,
  "requires": true,
  "packages": {
    "": {
      "name": "lambda-layer-sample",
      "version": "1.0.0",
      "dependencies": {
        "ask-sdk-core": "2.14.0",
        "ask-sdk-model": "1.86.0",
        "ask-sdk-runtime": "2.14.0",
        "i18next": "26.4.2",
        "i18next-sprintf-postprocessor": "0.2.2"
      }
    },
    "node_modules/ask-sdk-core": {
      "version": "2.14.0",
      "resolved": "https://registry.npmjs.org/ask-sdk-core/-/ask-sdk-core-2.14.0.tgz",
      "integrity": "sha512-G2yEKbY+XYTFzJXGRpsg7xJHqqgBcgnKEgklXUMRWRFv10gwHgtWDLLlBV6h4IdysTx782rCVJK/UcHcaGbEpA==",
      "license": "Apache-2.0",
      "dependencies": {
        "ask-sdk-runtime": "^2.14.0"
      },
      "peerDependencies": {
        "ask-sdk-model": "^1.29.0"
      }
    },
    "node_modules/ask-sdk-model": {
      "version": "1.86.0",
      "resolved": "https://registry.npmjs.org/ask-sdk-model/-/ask-sdk-model-1.86.0.tgz",
      "integrity": "sha512-JmC5mypPBz5Q1Yx1WyeAr2Q/z2Cjm98EjLjTlYAolXF4gokU7fDDjeOAyAD5dkyHjyGLeCEvlC0MJYWFwc84dw==",
      "license": "Apache-2.0"
    },
    "node_modules/ask-sdk-runtime": {
      "version": "2.14.0",
      "resolved": "https://registry.npmjs.org/ask-sdk-runtime/-/ask-sdk-runtime-2.14.0.tgz",
      "integrity": "sha512-a96pPs1RU3GgXBHplqAVqh2uxEuSYjTD5+XSbHsf6Fz4KhHpgaxJogOIIybjA6O/d1B9sG+6bjHJGzxBJEcccA==",
      "license": "Apache-2.0"
    },
    "node_modules/i18next": {
      "version": "26.4.2",
      "resolved": "https://registry.npmjs.org/i18next/-/i18next-26.4.2.tgz",
      "integrity": "sha512-RX+R0VLg13IbvRuJSxnqykUFS9vQZTl8wYpWPCIUDWVrSGjsQywB5Y+pjzrkboxGAuYfJZVH1InFTdgBdxq6ug==",
      "funding": [
        {
          "type": "individual",
          "url": "https://www.locize.com/i18next"
        },
        {
          "type": "individual",
          "url": "https://www.i18next.com/how-to/faq#i18next-is-awesome.-how-can-i-support-the-project"
        },
        {
          "type": "individual",
          "url": "https://www.locize.com"
        }
      ],
      "license": "MIT",
      "peerDependencies": {
        "typescript": "^5 || ^6 || ^7"
      },
      "peerDependenciesMeta": {
        "typescript": {
          "optional": true
        }
      }
    },
    "node_modules/i18next-sprintf-postprocessor": {
      "version": "0.2.2",
      "resolved": "https://registry.npmjs.org/i18next-sprintf-postprocessor/-/i18next-sprintf-postprocessor-0.2.2.tgz",
      "integrity": "sha512-c/IT9xuMyTfJ/3Ds+DPtb0vYVuykbMyGChZ5OGZTzFDV7Kgst1nrNOwdbZ+PkcA5kLXEE3U0RKkNbabj07261w==",
      "license": "MIT"
    }
  }
}
